
Microsoft Visual Studio Solution File, Format Version 12.00
# Visual Studio Version 17
VisualStudioVersion = 17.13.35825.156 d17.13
MinimumVisualStudioVersion = 10.0.40219.1
Project("{FAE04EC0-301F-11D3-BF4B-00C04F79EFBC}") = "FileCopyingapp", "FileCopyingapp\FileCopyingapp.csproj", "{6A2A7918-AD6A-4F36-BA96-1ED7F16DEA3B}"
EndProject
Global
	GlobalSection(SolutionConfigurationPlatforms) = preSolution
		Debug|Any CPU = Debug|Any CPU
		Release|Any CPU = Release|Any CPU
	EndGlobalSection
	GlobalSection(ProjectConfigurationPlatforms) = postSolution
		{6A2A7918-AD6A-4F36-BA96-1ED7F16DEA3B}.Debug|Any CPU.ActiveCfg = Debug|Any CPU
		{6A2A7918-AD6A-4F36-BA96-1ED7F16DEA3B}.Debug|Any CPU.Build.0 = Debug|Any CPU
		{6A2A7918-AD6A-4F36-BA96-1ED7F16DEA3B}.Release|Any CPU.ActiveCfg = Release|Any CPU
		{6A2A7918-AD6A-4F36-BA96-1ED7F16DEA3B}.Release|Any CPU.Build.0 = Release|Any CPU
	EndGlobalSection
	GlobalSection(SolutionProperties) = preSolution
		HideSolutionNode = FALSE
	EndGlobalSection
	GlobalSection(ExtensibilityGlobals) = postSolution
		SolutionGuid = {020822B5-EE25-4C50-8795-306E87370AB4}
	EndGlobalSection
EndGlobal
